
Microsoft Visual Studio Solution File, Format Version 12.00
# Visual Studio Version 17
VisualStudioVersion = 17.6.33815.320
MinimumVisualStudioVersion = 10.0.40219.1
Project("{9A19103F-16F7-4668-BE54-9A1E7A4F7556}") = "testingyharim", "testingyharim.csproj", "{20951676-3AB1-4C3B-97E1-F60363470ED7}"
EndProject
Global
	GlobalSection(SolutionConfigurationPlatforms) = preSolution
		Debug|Any CPU = Debug|Any CPU
		Release|Any CPU = Release|Any CPU
	EndGlobalSection
	GlobalSection(ProjectConfigurationPlatforms) = postSolution
		{20951676-3AB1-4C3B-97E1-F60363470ED7}.Debug|Any CPU.ActiveCfg = Debug|Any CPU
		{20951676-3AB1-4C3B-97E1-F60363470ED7}.Debug|Any CPU.Build.0 = Debug|Any CPU
		{20951676-3AB1-4C3B-97E1-F60363470ED7}.Release|Any CPU.ActiveCfg = Release|Any CPU
		{20951676-3AB1-4C3B-97E1-F60363470ED7}.Release|Any CPU.Build.0 = Release|Any CPU
	EndGlobalSection
	GlobalSection(SolutionProperties) = preSolution
		HideSolutionNode = FALSE
	EndGlobalSection
	GlobalSection(ExtensibilityGlobals) = postSolution
		SolutionGuid = {A537FF36-E86B-49B6-83AB-64879988E91F}
	EndGlobalSection
EndGlobal
